// !$*UTF8*$!
{
	archiveVersion = 1;
	classes = {
	};
	objectVersion = 50;
	objects = {

/* Begin PBXBuildFile section */
		98AABF8C02DE73D3F5FB294A /* Pods_ZHRemember.framework in Frameworks */ = {isa = PBXBuildFile; fileRef = 8CE926C7D02356CB1B8F0D26 /* Pods_ZHRemember.framework */; };
		E700FDE8212A671800A9C330 /* EvtTagManagerController.m in Sources */ = {isa = PBXBuildFile; fileRef = E700FDE7212A671800A9C330 /* EvtTagManagerController.m */; };
		E700FDEC212A677700A9C330 /* MyStoryboard.storyboard in Resources */ = {isa = PBXBuildFile; fileRef = E700FDEB212A677700A9C330 /* MyStoryboard.storyboard */; };
		E700FDEF212A679800A9C330 /* MyViewController.m in Sources */ = {isa = PBXBuildFile; fileRef = E700FDEE212A679800A9C330 /* MyViewController.m */; };
		E700FDF2212A67FB00A9C330 /* MyTarget.m in Sources */ = {isa = PBXBuildFile; fileRef = E700FDF1212A67FB00A9C330 /* MyTarget.m */; };
		E700FDF6212A694B00A9C330 /* ZHMediator+My.m in Sources */ = {isa = PBXBuildFile; fileRef = E700FDF5212A694B00A9C330 /* ZHMediator+My.m */; };
		E700FDFA212A6F3800A9C330 /* EvtTagListCell.m in Sources */ = {isa = PBXBuildFile; fileRef = E700FDF9212A6F3800A9C330 /* EvtTagListCell.m */; };
		E700FDFE212A8F8D00A9C330 /* EvtTagManageViewModel.m in Sources */ = {isa = PBXBuildFile; fileRef = E700FDFD212A8F8D00A9C330 /* EvtTagManageViewModel.m */; };
		E700FE01212A936500A9C330 /* EvtTagModel.m in Sources */ = {isa = PBXBuildFile; fileRef = E700FE00212A936500A9C330 /* EvtTagModel.m */; };
		E704434D21003805000239C1 /* UIImage+ZHExt.m in Sources */ = {isa = PBXBuildFile; fileRef = E704434C21003805000239C1 /* UIImage+ZHExt.m */; };
		E70443532100399E000239C1 /* UIColor+ZHTheme.m in Sources */ = {isa = PBXBuildFile; fileRef = E70443522100399E000239C1 /* UIColor+ZHTheme.m */; };
		E7044356210039F1000239C1 /* ZHMacro.m in Sources */ = {isa = PBXBuildFile; fileRef = E7044355210039F1000239C1 /* ZHMacro.m */; };
		E70443772100754C000239C1 /* EasyNavigationController.m in Sources */ = {isa = PBXBuildFile; fileRef = E704435C2100754C000239C1 /* EasyNavigationController.m */; };
		E70443782100754C000239C1 /* NSObject+EasyKVO.m in Sources */ = {isa = PBXBuildFile; fileRef = E704435D2100754C000239C1 /* NSObject+EasyKVO.m */; };
		E70443792100754C000239C1 /* EasyNavigationOptions.m in Sources */ = {isa = PBXBuildFile; fileRef = E70443602100754C000239C1 /* EasyNavigationOptions.m */; };
		E704437A2100754C000239C1 /* EasyKVOInfo.m in Sources */ = {isa = PBXBuildFile; fileRef = E70443612100754C000239C1 /* EasyKVOInfo.m */; };
		E704437B2100754C000239C1 /* EasyNavigationView.m in Sources */ = {isa = PBXBuildFile; fileRef = E70443622100754C000239C1 /* EasyNavigationView.m */; };
		E704437C2100754C000239C1 /* UIView+EasyNavigationExt.m in Sources */ = {isa = PBXBuildFile; fileRef = E70443632100754C000239C1 /* UIView+EasyNavigationExt.m */; };
		E704437D2100754C000239C1 /* EasyNavigationView+LeftButton.m in Sources */ = {isa = PBXBuildFile; fileRef = E70443662100754C000239C1 /* EasyNavigationView+LeftButton.m */; };
		E704437E2100754C000239C1 /* EasyNavigationUtils.m in Sources */ = {isa = PBXBuildFile; fileRef = E70443682100754C000239C1 /* EasyNavigationUtils.m */; };
		E704437F2100754C000239C1 /* EasyNavigationView+RightButton.m in Sources */ = {isa = PBXBuildFile; fileRef = E70443692100754C000239C1 /* EasyNavigationView+RightButton.m */; };
		E70443802100754C000239C1 /* EasyNavButton.bundle in Resources */ = {isa = PBXBuildFile; fileRef = E704436A2100754C000239C1 /* EasyNavButton.bundle */; };
		E70443812100754C000239C1 /* EasyNavigationButton.m in Sources */ = {isa = PBXBuildFile; fileRef = E704436D2100754C000239C1 /* EasyNavigationButton.m */; };
		E70443822100754C000239C1 /* UIScrollView+EasyNavigationExt.m in Sources */ = {isa = PBXBuildFile; fileRef = E704436E2100754C000239C1 /* UIScrollView+EasyNavigationExt.m */; };
		E70443832100754C000239C1 /* EasyCustomBackGestureDelegate.m in Sources */ = {isa = PBXBuildFile; fileRef = E70443742100754C000239C1 /* EasyCustomBackGestureDelegate.m */; };
		E70443842100754C000239C1 /* UIViewController+EasyNavigationExt.m in Sources */ = {isa = PBXBuildFile; fileRef = E70443762100754C000239C1 /* UIViewController+EasyNavigationExt.m */; };
		E704438B210076C9000239C1 /* EvtEventListController.m in Sources */ = {isa = PBXBuildFile; fileRef = E704438A210076C9000239C1 /* EvtEventListController.m */; };
		E704438D210076EC000239C1 /* EvtEventStoryboard.storyboard in Resources */ = {isa = PBXBuildFile; fileRef = E704438C210076EC000239C1 /* EvtEventStoryboard.storyboard */; };
		E704439221007833000239C1 /* UIViewController+ZHStoryBoard.m in Sources */ = {isa = PBXBuildFile; fileRef = E704439121007833000239C1 /* UIViewController+ZHStoryBoard.m */; };
		E7044395210078F3000239C1 /* EvtEventTarget.m in Sources */ = {isa = PBXBuildFile; fileRef = E7044394210078F3000239C1 /* EvtEventTarget.m */; };
		E704439821007963000239C1 /* ZHMediator+ZHEvent.m in Sources */ = {isa = PBXBuildFile; fileRef = E704439721007963000239C1 /* ZHMediator+ZHEvent.m */; };
		E70CFEF0212FE2AA004A6155 /* ZHAccountApi.m in Sources */ = {isa = PBXBuildFile; fileRef = E70CFEEF212FE2AA004A6155 /* ZHAccountApi.m */; };
		E70CFEF3212FEE53004A6155 /* LGLoginViewController.m in Sources */ = {isa = PBXBuildFile; fileRef = E70CFEF2212FEE53004A6155 /* LGLoginViewController.m */; };
		E70CFEF8212FF7A5004A6155 /* LGLoginViewModel.m in Sources */ = {isa = PBXBuildFile; fileRef = E70CFEF7212FF7A5004A6155 /* LGLoginViewModel.m */; };
		E70F6AFC2109B5A4006E816C /* UIResponder+ZHRouter.m in Sources */ = {isa = PBXBuildFile; fileRef = E70F6AFB2109B5A4006E816C /* UIResponder+ZHRouter.m */; };
		E71ED418212282F3000E18F2 /* EvtEditEventCoverViewModel.m in Sources */ = {isa = PBXBuildFile; fileRef = E71ED417212282F3000E18F2 /* EvtEditEventCoverViewModel.m */; };
		E71ED41B2122843C000E18F2 /* EvtEditEventDateViewModel.m in Sources */ = {isa = PBXBuildFile; fileRef = E71ED41A2122843C000E18F2 /* EvtEditEventDateViewModel.m */; };
		E71ED4252122D3AA000E18F2 /* EvtEditEventCycleViewModel.m in Sources */ = {isa = PBXBuildFile; fileRef = E71ED4242122D3AA000E18F2 /* EvtEditEventCycleViewModel.m */; };
		E72705D1212EA38B00F4BDB9 /* LoginStoryboard.storyboard in Resources */ = {isa = PBXBuildFile; fileRef = E72705D0212EA38B00F4BDB9 /* LoginStoryboard.storyboard */; };
		E72705D4212EA5AD00F4BDB9 /* LGRegisterViewController.m in Sources */ = {isa = PBXBuildFile; fileRef = E72705D3212EA5AD00F4BDB9 /* LGRegisterViewController.m */; };
		E72705D7212EA64400F4BDB9 /* LoginConfig.m in Sources */ = {isa = PBXBuildFile; fileRef = E72705D6212EA64400F4BDB9 /* LoginConfig.m */; };
		E72705DA212EB86200F4BDB9 /* LGRegisterViewModel.m in Sources */ = {isa = PBXBuildFile; fileRef = E72705D9212EB86200F4BDB9 /* LGRegisterViewModel.m */; };
		E73667CA2123FCB600BC7652 /* EvtEditEventRemarkViewModel.m in Sources */ = {isa = PBXBuildFile; fileRef = E73667C92123FCB600BC7652 /* EvtEditEventRemarkViewModel.m */; };
		E73667CD2124095B00BC7652 /* EvtEventApi.m in Sources */ = {isa = PBXBuildFile; fileRef = E73667CC2124095B00BC7652 /* EvtEventApi.m */; };
		E73B4FC42106D22100B6243B /* EvtEditEventCoverCell.m in Sources */ = {isa = PBXBuildFile; fileRef = E73B4FC32106D22100B6243B /* EvtEditEventCoverCell.m */; };
		E73B4FC72106D23700B6243B /* EvtEditEventTitleCell.m in Sources */ = {isa = PBXBuildFile; fileRef = E73B4FC62106D23700B6243B /* EvtEditEventTitleCell.m */; };
		E73B4FCA2106D2FD00B6243B /* EvtEditEventDateCell.m in Sources */ = {isa = PBXBuildFile; fileRef = E73B4FC92106D2FD00B6243B /* EvtEditEventDateCell.m */; };
		E73B4FCD2106D33E00B6243B /* EvtEditEventCycleCell.m in Sources */ = {isa = PBXBuildFile; fileRef = E73B4FCC2106D33E00B6243B /* EvtEditEventCycleCell.m */; };
		E73B4FD02106D3AA00B6243B /* EvtEditEventRemarkCell.m in Sources */ = {isa = PBXBuildFile; fileRef = E73B4FCF2106D3AA00B6243B /* EvtEditEventRemarkCell.m */; };
		E76B115A21002AF60067E577 /* AppDelegate.m in Sources */ = {isa = PBXBuildFile; fileRef = E76B115921002AF60067E577 /* AppDelegate.m */; };
		E76B116221002AF70067E577 /* Assets.xcassets in Resources */ = {isa = PBXBuildFile; fileRef = E76B116121002AF70067E577 /* Assets.xcassets */; };
		E76B116521002AF70067E577 /* LaunchScreen.storyboard in Resources */ = {isa = PBXBuildFile; fileRef = E76B116321002AF70067E577 /* LaunchScreen.storyboard */; };
		E76B116821002AF70067E577 /* main.m in Sources */ = {isa = PBXBuildFile; fileRef = E76B116721002AF70067E577 /* main.m */; };
		E76B117421002E1D0067E577 /* MinMainTabController.m in Sources */ = {isa = PBXBuildFile; fileRef = E76B117321002E1D0067E577 /* MinMainTabController.m */; };
		E76B1178210031590067E577 /* MainTarget.m in Sources */ = {isa = PBXBuildFile; fileRef = E76B1177210031590067E577 /* MainTarget.m */; };
		E76B117F210032E30067E577 /* ZHMediator+Main.m in Sources */ = {isa = PBXBuildFile; fileRef = E76B117E210032E30067E577 /* ZHMediator+Main.m */; };
		E76B11822100358D0067E577 /* AppDelegate+ZHAppearance.m in Sources */ = {isa = PBXBuildFile; fileRef = E76B11812100358D0067E577 /* AppDelegate+ZHAppearance.m */; };
		E778D80621017D2B00E9CEEB /* EvtEventModel.m in Sources */ = {isa = PBXBuildFile; fileRef = E778D80521017D2B00E9CEEB /* EvtEventModel.m */; };
		E778D8092101913700E9CEEB /* AppDelegate+ZHThirdPart.m in Sources */ = {isa = PBXBuildFile; fileRef = E778D8082101913700E9CEEB /* AppDelegate+ZHThirdPart.m */; };
		E778D80C2101BDE500E9CEEB /* EvtEditEventController.m in Sources */ = {isa = PBXBuildFile; fileRef = E778D80B2101BDE500E9CEEB /* EvtEditEventController.m */; };
		E791844721085C1B0033745D /* EvtEditEventCell.m in Sources */ = {isa = PBXBuildFile; fileRef = E791844621085C1B0033745D /* EvtEditEventCell.m */; };
		E798B0D72125127C00578F24 /* EvtEventListViewModel.m in Sources */ = {isa = PBXBuildFile; fileRef = E798B0D62125127C00578F24 /* EvtEventListViewModel.m */; };
		E798B0DA2125223800578F24 /* EvtEventListCell.m in Sources */ = {isa = PBXBuildFile; fileRef = E798B0D92125223800578F24 /* EvtEventListCell.m */; };
		E798B0DD212527BC00578F24 /* EvtEventListEventsViewModel.m in Sources */ = {isa = PBXBuildFile; fileRef = E798B0DC212527BC00578F24 /* EvtEventListEventsViewModel.m */; };
		E798B0E121252A5B00578F24 /* UITableViewCell+ZHViewModel.m in Sources */ = {isa = PBXBuildFile; fileRef = E798B0E021252A5B00578F24 /* UITableViewCell+ZHViewModel.m */; };
		E798B0E421254B7D00578F24 /* ZHCommonApi.m in Sources */ = {isa = PBXBuildFile; fileRef = E798B0E321254B7D00578F24 /* ZHCommonApi.m */; };
		E798B0EA2125764600578F24 /* NSDate+ZHDate.m in Sources */ = {isa = PBXBuildFile; fileRef = E798B0E92125764600578F24 /* NSDate+ZHDate.m */; };
		E798B0F22127F14E00578F24 /* UIViewController+AOPBase.m in Sources */ = {isa = PBXBuildFile; fileRef = E798B0EE2127F14D00578F24 /* UIViewController+AOPBase.m */; };
		E798B0F32127F14E00578F24 /* UIViewController+AOPIntercepter.m in Sources */ = {isa = PBXBuildFile; fileRef = E798B0EF2127F14D00578F24 /* UIViewController+AOPIntercepter.m */; };
		E798B0F72127F76000578F24 /* UITableView+ZHRefresh.m in Sources */ = {isa = PBXBuildFile; fileRef = E798B0F62127F76000578F24 /* UITableView+ZHRefresh.m */; };
		E7A6222C212178740093853A /* EvtEditEventViewModel.m in Sources */ = {isa = PBXBuildFile; fileRef = E7A6222B212178740093853A /* EvtEditEventViewModel.m */; };
		E7A62232212188AB0093853A /* EvtEditEventTitleViewModel.m in Sources */ = {isa = PBXBuildFile; fileRef = E7A62231212188AB0093853A /* EvtEditEventTitleViewModel.m */; };
		E7AC851E212BAC17006B92AA /* EvtEditEventTagCell.m in Sources */ = {isa = PBXBuildFile; fileRef = E7AC851D212BAC17006B92AA /* EvtEditEventTagCell.m */; };
		E7AC8522212BAE04006B92AA /* EvtEditEventTagViewModel.m in Sources */ = {isa = PBXBuildFile; fileRef = E7AC8521212BAE04006B92AA /* EvtEditEventTagViewModel.m */; };
		E7AC8529212BE65F006B92AA /* AVObject+ApiExt.m in Sources */ = {isa = PBXBuildFile; fileRef = E7AC8528212BE65F006B92AA /* AVObject+ApiExt.m */; };
		E7AC852C212BF7BB006B92AA /* EvtEventDetailController.m in Sources */ = {isa = PBXBuildFile; fileRef = E7AC852B212BF7BB006B92AA /* EvtEventDetailController.m */; };
		E7AC8530212C15C3006B92AA /* EvtEventDetailViewModel.m in Sources */ = {isa = PBXBuildFile; fileRef = E7AC852F212C15C3006B92AA /* EvtEventDetailViewModel.m */; };
/* End PBXBuildFile section */

/* Begin PBXFileReference section */
		4E6791BB3CAAF94D5936C2C7 /* Pods-ZHRemember.debug.xcconfig */ = {isa = PBXFileReference; includeInIndex = 1; lastKnownFileType = text.xcconfig; name = "Pods-ZHRemember.debug.xcconfig"; path = "Pods/Target Support Files/Pods-ZHRemember/Pods-ZHRemember.debug.xcconfig"; sourceTree = "<group>"; };
		7DD1FA9A2CBA51B240BEE8EC /* Pods-ZHRemember.release.xcconfig */ = {isa = PBXFileReference; includeInIndex = 1; lastKnownFileType = text.xcconfig; name = "Pods-ZHRemember.release.xcconfig"; path = "Pods/Target Support Files/Pods-ZHRemember/Pods-ZHRemember.release.xcconfig"; sourceTree = "<group>"; };
		8CE926C7D02356CB1B8F0D26 /* Pods_ZHRemember.framework */ = {isa = PBXFileReference; explicitFileType = wrapper.framework; includeInIndex = 0; path = Pods_ZHRemember.framework; sourceTree = BUILT_PRODUCTS_DIR; };
		E700FDE6212A671800A9C330 /* EvtTagManagerController.h */ = {isa = PBXFileReference; lastKnownFileType = sourcecode.c.h; path = EvtTagManagerController.h; sourceTree = "<group>"; };
		E700FDE7212A671800A9C330 /* EvtTagManagerController.m */ = {isa = PBXFileReference; lastKnownFileType = sourcecode.c.objc; path = EvtTagManagerController.m; sourceTree = "<group>"; };
		E700FDEB212A677700A9C330 /* MyStoryboard.storyboard */ = {isa = PBXFileReference; lastKnownFileType = file.storyboard; path = MyStoryboard.storyboard; sourceTree = "<group>"; };
		E700FDED212A679800A9C330 /* MyViewController.h */ = {isa = PBXFileReference; lastKnownFileType = sourcecode.c.h; path = MyViewController.h; sourceTree = "<group>"; };
		E700FDEE212A679800A9C330 /* MyViewController.m */ = {isa = PBXFileReference; lastKnownFileType = sourcecode.c.objc; path = MyViewController.m; sourceTree = "<group>"; };
		E700FDF0212A67FB00A9C330 /* MyTarget.h */ = {isa = PBXFileReference; lastKnownFileType = sourcecode.c.h; path = MyTarget.h; sourceTree = "<group>"; };
		E700FDF1212A67FB00A9C330 /* MyTarget.m */ = {isa = PBXFileReference; lastKnownFileType = sourcecode.c.objc; path = MyTarget.m; sourceTree = "<group>"; };
		E700FDF3212A689400A9C330 /* MyModuleHeader.h */ = {isa = PBXFileReference; lastKnownFileType = sourcecode.c.h; path = MyModuleHeader.h; sourceTree = "<group>"; };
		E700FDF4212A694B00A9C330 /* ZHMediator+My.h */ = {isa = PBXFileReference; lastKnownFileType = sourcecode.c.h; path = "ZHMediator+My.h"; sourceTree = "<group>"; };
		E700FDF5212A694B00A9C330 /* ZHMediator+My.m */ = {isa = PBXFileReference; lastKnownFileType = sourcecode.c.objc; path = "ZHMediator+My.m"; sourceTree = "<group>"; };
		E700FDF8212A6F3800A9C330 /* EvtTagListCell.h */ = {isa = PBXFileReference; lastKnownFileType = sourcecode.c.h; path = EvtTagListCell.h; sourceTree = "<group>"; };
		E700FDF9212A6F3800A9C330 /* EvtTagListCell.m */ = {isa = PBXFileReference; lastKnownFileType = sourcecode.c.objc; path = EvtTagListCell.m; sourceTree = "<group>"; };
		E700FDFC212A8F8D00A9C330 /* EvtTagManageViewModel.h */ = {isa = PBXFileReference; lastKnownFileType = sourcecode.c.h; path = EvtTagManageViewModel.h; sourceTree = "<group>"; };
		E700FDFD212A8F8D00A9C330 /* EvtTagManageViewModel.m */ = {isa = PBXFileReference; lastKnownFileType = sourcecode.c.objc; path = EvtTagManageViewModel.m; sourceTree = "<group>"; };
		E700FDFF212A936500A9C330 /* EvtTagModel.h */ = {isa = PBXFileReference; lastKnownFileType = sourcecode.c.h; path = EvtTagModel.h; sourceTree = "<group>"; };
		E700FE00212A936500A9C330 /* EvtTagModel.m */ = {isa = PBXFileReference; lastKnownFileType = sourcecode.c.objc; path = EvtTagModel.m; sourceTree = "<group>"; };
		E704434B21003805000239C1 /* UIImage+ZHExt.h */ = {isa = PBXFileReference; lastKnownFileType = sourcecode.c.h; path = "UIImage+ZHExt.h"; sourceTree = "<group>"; };
		E704434C21003805000239C1 /* UIImage+ZHExt.m */ = {isa = PBXFileReference; lastKnownFileType = sourcecode.c.objc; path = "UIImage+ZHExt.m"; sourceTree = "<group>"; };
		E70443512100399E000239C1 /* UIColor+ZHTheme.h */ = {isa = PBXFileReference; lastKnownFileType = sourcecode.c.h; path = "UIColor+ZHTheme.h"; sourceTree = "<group>"; };
		E70443522100399E000239C1 /* UIColor+ZHTheme.m */ = {isa = PBXFileReference; lastKnownFileType = sourcecode.c.objc; path = "UIColor+ZHTheme.m"; sourceTree = "<group>"; };
		E7044354210039F1000239C1 /* ZHMacro.h */ = {isa = PBXFileReference; lastKnownFileType = sourcecode.c.h; path = ZHMacro.h; sourceTree = "<group>"; };
		E7044355210039F1000239C1 /* ZHMacro.m */ = {isa = PBXFileReference; lastKnownFileType = sourcecode.c.objc; path = ZHMacro.m; sourceTree = "<group>"; };
		E704435721003B42000239C1 /* PrefixHeader.pch */ = {isa = PBXFileReference; lastKnownFileType = sourcecode.c.h; path = PrefixHeader.pch; sourceTree = "<group>"; };
		E704435821003E8B000239C1 /* ZHCagegory.h */ = {isa = PBXFileReference; lastKnownFileType = sourcecode.c.h; name = ZHCagegory.h; path = ZHRemember/ZHCagegory.h; sourceTree = SOURCE_ROOT; };
		E704435B2100754C000239C1 /* EasyNavigationView+RightButton.h */ = {isa = PBXFileReference; fileEncoding = 4; lastKnownFileType = sourcecode.c.h; path = "EasyNavigationView+RightButton.h"; sourceTree = "<group>"; };
		E704435C2100754C000239C1 /* EasyNavigationController.m */ = {isa = PBXFileReference; fileEncoding = 4; lastKnownFileType = sourcecode.c.objc; path = EasyNavigationController.m; sourceTree = "<group>"; };
		E704435D2100754C000239C1 /* NSObject+EasyKVO.m */ = {isa = PBXFileReference; fileEncoding = 4; lastKnownFileType = sourcecode.c.objc; path = "NSObject+EasyKVO.m"; sourceTree = "<group>"; };
		E704435E2100754C000239C1 /* EasyNavigationButton.h */ = {isa = PBXFileReference; fileEncoding = 4; lastKnownFileType = sourcecode.c.h; path = EasyNavigationButton.h; sourceTree = "<group>"; };
		E704435F2100754C000239C1 /* UIScrollView+EasyNavigationExt.h */ = {isa = PBXFileReference; fileEncoding = 4; lastKnownFileType = sourcecode.c.h; path = "UIScrollView+EasyNavigationExt.h"; sourceTree = "<group>"; };
		E70443602100754C000239C1 /* EasyNavigationOptions.m */ = {isa = PBXFileReference; fileEncoding = 4; lastKnownFileType = sourcecode.c.objc; path = EasyNavigationOptions.m; sourceTree = "<group>"; };
		E70443612100754C000239C1 /* EasyKVOInfo.m */ = {isa = PBXFileReference; fileEncoding = 4; lastKnownFileType = sourcecode.c.objc; path = EasyKVOInfo.m; sourceTree = "<group>"; };
		E70443622100754C000239C1 /* EasyNavigationView.m */ = {isa = PBXFileReference; fileEncoding = 4; lastKnownFileType = sourcecode.c.objc; path = EasyNavigationView.m; sourceTree = "<group>"; };
		E70443632100754C000239C1 /* UIView+EasyNavigationExt.m */ = {isa = PBXFileReference; fileEncoding = 4; lastKnownFileType = sourcecode.c.objc; path = "UIView+EasyNavigationExt.m"; sourceTree = "<group>"; };
		E70443642100754C000239C1 /* EasyNavigation.h */ = {isa = PBXFileReference; fileEncoding = 4; lastKnownFileType = sourcecode.c.h; path = EasyNavigation.h; sourceTree = "<group>"; };
		E70443652100754C000239C1 /* UIViewController+EasyNavigationExt.h */ = {isa = PBXFileReference; fileEncoding = 4; lastKnownFileType = sourcecode.c.h; path = "UIViewController+EasyNavigationExt.h"; sourceTree = "<group>"; };
		E70443662100754C000239C1 /* EasyNavigationView+LeftButton.m */ = {isa = PBXFileReference; fileEncoding = 4; lastKnownFileType = sourcecode.c.objc; path = "EasyNavigationView+LeftButton.m"; sourceTree = "<group>"; };
		E70443672100754C000239C1 /* EasyCustomBackGestureDelegate.h */ = {isa = PBXFileReference; fileEncoding = 4; lastKnownFileType = sourcecode.c.h; path = EasyCustomBackGestureDelegate.h; sourceTree = "<group>"; };
		E70443682100754C000239C1 /* EasyNavigationUtils.m */ = {isa = PBXFileReference; fileEncoding = 4; lastKnownFileType = sourcecode.c.objc; path = EasyNavigationUtils.m; sourceTree = "<group>"; };
		E70443692100754C000239C1 /* EasyNavigationView+RightButton.m */ = {isa = PBXFileReference; fileEncoding = 4; lastKnownFileType = sourcecode.c.objc; path = "EasyNavigationView+RightButton.m"; sourceTree = "<group>"; };
		E704436A2100754C000239C1 /* EasyNavButton.bundle */ = {isa = PBXFileReference; lastKnownFileType = "wrapper.plug-in"; path = EasyNavButton.bundle; sourceTree = "<group>"; };
		E704436B2100754C000239C1 /* EasyKVOInfo.h */ = {isa = PBXFileReference; fileEncoding = 4; lastKnownFileType = sourcecode.c.h; path = EasyKVOInfo.h; sourceTree = "<group>"; };
		E704436C2100754C000239C1 /* EasyNavigationOptions.h */ = {isa = PBXFileReference; fileEncoding = 4; lastKnownFileType = sourcecode.c.h; path = EasyNavigationOptions.h; sourceTree = "<group>"; };
		E704436D2100754C000239C1 /* EasyNavigationButton.m */ = {isa = PBXFileReference; fileEncoding = 4; lastKnownFileType = sourcecode.c.objc; path = EasyNavigationButton.m; sourceTree = "<group>"; };
		E704436E2100754C000239C1 /* UIScrollView+EasyNavigationExt.m */ = {isa = PBXFileReference; fileEncoding = 4; lastKnownFileType = sourcecode.c.objc; path = "UIScrollView+EasyNavigationExt.m"; sourceTree = "<group>"; };
		E704436F2100754C000239C1 /* NSObject+EasyKVO.h */ = {isa = PBXFileReference; fileEncoding = 4; lastKnownFileType = sourcecode.c.h; path = "NSObject+EasyKVO.h"; sourceTree = "<group>"; };
		E70443702100754C000239C1 /* EasyNavigationController.h */ = {isa = PBXFileReference; fileEncoding = 4; lastKnownFileType = sourcecode.c.h; path = EasyNavigationController.h; sourceTree = "<group>"; };
		E70443712100754C000239C1 /* UIView+EasyNavigationExt.h */ = {isa = PBXFileReference; fileEncoding = 4; lastKnownFileType = sourcecode.c.h; path = "UIView+EasyNavigationExt.h"; sourceTree = "<group>"; };
		E70443722100754C000239C1 /* EasyNavigationView.h */ = {isa = PBXFileReference; fileEncoding = 4; lastKnownFileType = sourcecode.c.h; path = EasyNavigationView.h; sourceTree = "<group>"; };
		E70443732100754C000239C1 /* EasyNavigationUtils.h */ = {isa = PBXFileReference; fileEncoding = 4; lastKnownFileType = sourcecode.c.h; path = EasyNavigationUtils.h; sourceTree = "<group>"; };
		E70443742100754C000239C1 /* EasyCustomBackGestureDelegate.m */ = {isa = PBXFileReference; fileEncoding = 4; lastKnownFileType = sourcecode.c.objc; path = EasyCustomBackGestureDelegate.m; sourceTree = "<group>"; };
		E70443752100754C000239C1 /* EasyNavigationView+LeftButton.h */ = {isa = PBXFileReference; fileEncoding = 4; lastKnownFileType = sourcecode.c.h; path = "EasyNavigationView+LeftButton.h"; sourceTree = "<group>"; };
		E70443762100754C000239C1 /* UIViewController+EasyNavigationExt.m */ = {isa = PBXFileReference; fileEncoding = 4; lastKnownFileType = sourcecode.c.objc; path = "UIViewController+EasyNavigationExt.m"; sourceTree = "<group>"; };
		E7044389210076C9000239C1 /* EvtEventListController.h */ = {isa = PBXFileReference; lastKnownFileType = sourcecode.c.h; path = EvtEventListController.h; sourceTree = "<group>"; };
		E704438A210076C9000239C1 /* EvtEventListController.m */ = {isa = PBXFileReference; lastKnownFileType = sourcecode.c.objc; path = EvtEventListController.m; sourceTree = "<group>"; };
		E704438C210076EC000239C1 /* EvtEventStoryboard.storyboard */ = {isa = PBXFileReference; lastKnownFileType = file.storyboard; path = EvtEventStoryboard.storyboard; sourceTree = "<group>"; };
		E704438E210077B6000239C1 /* EvtEventHeader.h */ = {isa = PBXFileReference; lastKnownFileType = sourcecode.c.h; path = EvtEventHeader.h; sourceTree = "<group>"; };
		E704439021007833000239C1 /* UIViewController+ZHStoryBoard.h */ = {isa = PBXFileReference; lastKnownFileType = sourcecode.c.h; path = "UIViewController+ZHStoryBoard.h"; sourceTree = "<group>"; };
		E704439121007833000239C1 /* UIViewController+ZHStoryBoard.m */ = {isa = PBXFileReference; lastKnownFileType = sourcecode.c.objc; path = "UIViewController+ZHStoryBoard.m"; sourceTree = "<group>"; };
		E7044393210078F3000239C1 /* EvtEventTarget.h */ = {isa = PBXFileReference; lastKnownFileType = sourcecode.c.h; path = EvtEventTarget.h; sourceTree = "<group>"; };
		E7044394210078F3000239C1 /* EvtEventTarget.m */ = {isa = PBXFileReference; lastKnownFileType = sourcecode.c.objc; path = EvtEventTarget.m; sourceTree = "<group>"; };
		E704439621007963000239C1 /* ZHMediator+ZHEvent.h */ = {isa = PBXFileReference; lastKnownFileType = sourcecode.c.h; path = "ZHMediator+ZHEvent.h"; sourceTree = "<group>"; };
		E704439721007963000239C1 /* ZHMediator+ZHEvent.m */ = {isa = PBXFileReference; lastKnownFileType = sourcecode.c.objc; path = "ZHMediator+ZHEvent.m"; sourceTree = "<group>"; };
		E70CFEEE212FE2AA004A6155 /* ZHAccountApi.h */ = {isa = PBXFileReference; lastKnownFileType = sourcecode.c.h; path = ZHAccountApi.h; sourceTree = "<group>"; };
		E70CFEEF212FE2AA004A6155 /* ZHAccountApi.m */ = {isa = PBXFileReference; lastKnownFileType = sourcecode.c.objc; path = ZHAccountApi.m; sourceTree = "<group>"; };
		E70CFEF1212FEE53004A6155 /* LGLoginViewController.h */ = {isa = PBXFileReference; lastKnownFileType = sourcecode.c.h; path = LGLoginViewController.h; sourceTree = "<group>"; };
		E70CFEF2212FEE53004A6155 /* LGLoginViewController.m */ = {isa = PBXFileReference; lastKnownFileType = sourcecode.c.objc; path = LGLoginViewController.m; sourceTree = "<group>"; };
		E70CFEF6212FF7A5004A6155 /* LGLoginViewModel.h */ = {isa = PBXFileReference; lastKnownFileType = sourcecode.c.h; path = LGLoginViewModel.h; sourceTree = "<group>"; };
		E70CFEF7212FF7A5004A6155 /* LGLoginViewModel.m */ = {isa = PBXFileReference; lastKnownFileType = sourcecode.c.objc; path = LGLoginViewModel.m; sourceTree = "<group>"; };
		E70F6AFA2109B5A4006E816C /* UIResponder+ZHRouter.h */ = {isa = PBXFileReference; lastKnownFileType = sourcecode.c.h; path = "UIResponder+ZHRouter.h"; sourceTree = "<group>"; };
		E70F6AFB2109B5A4006E816C /* UIResponder+ZHRouter.m */ = {isa = PBXFileReference; lastKnownFileType = sourcecode.c.objc; path = "UIResponder+ZHRouter.m"; sourceTree = "<group>"; };
		E71ED416212282F3000E18F2 /* EvtEditEventCoverViewModel.h */ = {isa = PBXFileReference; lastKnownFileType = sourcecode.c.h; path = EvtEditEventCoverViewModel.h; sourceTree = "<group>"; };
		E71ED417212282F3000E18F2 /* EvtEditEventCoverViewModel.m */ = {isa = PBXFileReference; lastKnownFileType = sourcecode.c.objc; path = EvtEditEventCoverViewModel.m; sourceTree = "<group>"; };
		E71ED4192122843C000E18F2 /* EvtEditEventDateViewModel.h */ = {isa = PBXFileReference; lastKnownFileType = sourcecode.c.h; path = EvtEditEventDateViewModel.h; sourceTree = "<group>"; };
		E71ED41A2122843C000E18F2 /* EvtEditEventDateViewModel.m */ = {isa = PBXFileReference; lastKnownFileType = sourcecode.c.objc; path = EvtEditEventDateViewModel.m; sourceTree = "<group>"; };
		E71ED4232122D3AA000E18F2 /* EvtEditEventCycleViewModel.h */ = {isa = PBXFileReference; lastKnownFileType = sourcecode.c.h; path = EvtEditEventCycleViewModel.h; sourceTree = "<group>"; };
		E71ED4242122D3AA000E18F2 /* EvtEditEventCycleViewModel.m */ = {isa = PBXFileReference; lastKnownFileType = sourcecode.c.objc; path = EvtEditEventCycleViewModel.m; sourceTree = "<group>"; };
		E72705D0212EA38B00F4BDB9 /* LoginStoryboard.storyboard */ = {isa = PBXFileReference; lastKnownFileType = file.storyboard; path = LoginStoryboard.storyboard; sourceTree = "<group>"; };
		E72705D2212EA5AD00F4BDB9 /* LGRegisterViewController.h */ = {isa = PBXFileReference; lastKnownFileType = sourcecode.c.h; path = LGRegisterViewController.h; sourceTree = "<group>"; };
		E72705D3212EA5AD00F4BDB9 /* LGRegisterViewController.m */ = {isa = PBXFileReference; lastKnownFileType = sourcecode.c.objc; path = LGRegisterViewController.m; sourceTree = "<group>"; };
		E72705D5212EA64400F4BDB9 /* LoginConfig.h */ = {isa = PBXFileReference; lastKnownFileType = sourcecode.c.h; path = LoginConfig.h; sourceTree = "<group>"; };
		E72705D6212EA64400F4BDB9 /* LoginConfig.m */ = {isa = PBXFileReference; lastKnownFileType = sourcecode.c.objc; path = LoginConfig.m; sourceTree = "<group>"; };
		E72705D8212EB86200F4BDB9 /* LGRegisterViewModel.h */ = {isa = PBXFileReference; lastKnownFileType = sourcecode.c.h; path = LGRegisterViewModel.h; sourceTree = "<group>"; };
		E72705D9212EB86200F4BDB9 /* LGRegisterViewModel.m */ = {isa = PBXFileReference; lastKnownFileType = sourcecode.c.objc; path = LGRegisterViewModel.m; sourceTree = "<group>"; };
		E73667C82123FCB600BC7652 /* EvtEditEventRemarkViewModel.h */ = {isa = PBXFileReference; lastKnownFileType = sourcecode.c.h; path = EvtEditEventRemarkViewModel.h; sourceTree = "<group>"; };
		E73667C92123FCB600BC7652 /* EvtEditEventRemarkViewModel.m */ = {isa = PBXFileReference; lastKnownFileType = sourcecode.c.objc; path = EvtEditEventRemarkViewModel.m; sourceTree = "<group>"; };
		E73667CB2124095B00BC7652 /* EvtEventApi.h */ = {isa = PBXFileReference; lastKnownFileType = sourcecode.c.h; path = EvtEventApi.h; sourceTree = "<group>"; };
		E73667CC2124095B00BC7652 /* EvtEventApi.m */ = {isa = PBXFileReference; lastKnownFileType = sourcecode.c.objc; path = EvtEventApi.m; sourceTree = "<group>"; };
		E73B4FC22106D22100B6243B /* EvtEditEventCoverCell.h */ = {isa = PBXFileReference; lastKnownFileType = sourcecode.c.h; path = EvtEditEventCoverCell.h; sourceTree = "<group>"; };
		E73B4FC32106D22100B6243B /* EvtEditEventCoverCell.m */ = {isa = PBXFileReference; lastKnownFileType = sourcecode.c.objc; path = EvtEditEventCoverCell.m; sourceTree = "<group>"; };
		E73B4FC52106D23700B6243B /* EvtEditEventTitleCell.h */ = {isa = PBXFileReference; lastKnownFileType = sourcecode.c.h; path = EvtEditEventTitleCell.h; sourceTree = "<group>"; };
		E73B4FC62106D23700B6243B /* EvtEditEventTitleCell.m */ = {isa = PBXFileReference; lastKnownFileType = sourcecode.c.objc; path = EvtEditEventTitleCell.m; sourceTree = "<group>"; };
		E73B4FC82106D2FD00B6243B /* EvtEditEventDateCell.h */ = {isa = PBXFileReference; lastKnownFileType = sourcecode.c.h; path = EvtEditEventDateCell.h; sourceTree = "<group>"; };
		E73B4FC92106D2FD00B6243B /* EvtEditEventDateCell.m */ = {isa = PBXFileReference; lastKnownFileType = sourcecode.c.objc; path = EvtEditEventDateCell.m; sourceTree = "<group>"; };
		E73B4FCB2106D33E00B6243B /* EvtEditEventCycleCell.h */ = {isa = PBXFileReference; lastKnownFileType = sourcecode.c.h; path = EvtEditEventCycleCell.h; sourceTree = "<group>"; };
		E73B4FCC2106D33E00B6243B /* EvtEditEventCycleCell.m */ = {isa = PBXFileReference; lastKnownFileType = sourcecode.c.objc; path = EvtEditEventCycleCell.m; sourceTree = "<group>"; };
		E73B4FCE2106D3AA00B6243B /* EvtEditEventRemarkCell.h */ = {isa = PBXFileReference; lastKnownFileType = sourcecode.c.h; path = EvtEditEventRemarkCell.h; sourceTree = "<group>"; };
		E73B4FCF2106D3AA00B6243B /* EvtEditEventRemarkCell.m */ = {isa = PBXFileReference; lastKnownFileType = sourcecode.c.objc; path = EvtEditEventRemarkCell.m; sourceTree = "<group>"; };
		E76B115521002AF60067E577 /* ZHRemember.app */ = {isa = PBXFileReference; explicitFileType = wrapper.application; includeInIndex = 0; path = ZHRemember.app; sourceTree = BUILT_PRODUCTS_DIR; };
		E76B115821002AF60067E577 /* AppDelegate.h */ = {isa = PBXFileReference; lastKnownFileType = sourcecode.c.h; path = AppDelegate.h; sourceTree = "<group>"; };
		E76B115921002AF60067E577 /* AppDelegate.m */ = {isa = PBXFileReference; lastKnownFileType = sourcecode.c.objc; path = AppDelegate.m; sourceTree = "<group>"; };
		E76B116121002AF70067E577 /* Assets.xcassets */ = {isa = PBXFileReference; lastKnownFileType = folder.assetcatalog; path = Assets.xcassets; sourceTree = "<group>"; };
		E76B116421002AF70067E577 /* Base */ = {isa = PBXFileReference; lastKnownFileType = file.storyboard; name = Base; path = Base.lproj/LaunchScreen.storyboard; sourceTree = "<group>"; };
		E76B116621002AF70067E577 /* Info.plist */ = {isa = PBXFileReference; lastKnownFileType = text.plist.xml; path = Info.plist; sourceTree = "<group>"; };
		E76B116721002AF70067E577 /* main.m */ = {isa = PBXFileReference; lastKnownFileType = sourcecode.c.objc; path = main.m; sourceTree = "<group>"; };
		E76B117221002E1D0067E577 /* MinMainTabController.h */ = {isa = PBXFileReference; lastKnownFileType = sourcecode.c.h; path = MinMainTabController.h; sourceTree = "<group>"; };
		E76B117321002E1D0067E577 /* MinMainTabController.m */ = {isa = PBXFileReference; lastKnownFileType = sourcecode.c.objc; path = MinMainTabController.m; sourceTree = "<group>"; };
		E76B1176210031590067E577 /* MainTarget.h */ = {isa = PBXFileReference; lastKnownFileType = sourcecode.c.h; path = MainTarget.h; sourceTree = "<group>"; };
		E76B1177210031590067E577 /* MainTarget.m */ = {isa = PBXFileReference; lastKnownFileType = sourcecode.c.objc; path = MainTarget.m; sourceTree = "<group>"; };
		E76B117B210032060067E577 /* ZHMainHeader.h */ = {isa = PBXFileReference; lastKnownFileType = sourcecode.c.h; path = ZHMainHeader.h; sourceTree = "<group>"; };
		E76B117D210032E30067E577 /* ZHMediator+Main.h */ = {isa = PBXFileReference; lastKnownFileType = sourcecode.c.h; path = "ZHMediator+Main.h"; sourceTree = "<group>"; };
		E76B117E210032E30067E577 /* ZHMediator+Main.m */ = {isa = PBXFileReference; lastKnownFileType = sourcecode.c.objc; path = "ZHMediator+Main.m"; sourceTree = "<group>"; };
		E76B11802100358D0067E577 /* AppDelegate+ZHAppearance.h */ = {isa = PBXFileReference; lastKnownFileType = sourcecode.c.h; path = "AppDelegate+ZHAppearance.h"; sourceTree = "<group>"; };
		E76B11812100358D0067E577 /* AppDelegate+ZHAppearance.m */ = {isa = PBXFileReference; lastKnownFileType = sourcecode.c.objc; path = "AppDelegate+ZHAppearance.m"; sourceTree = "<group>"; };
		E778D80421017D2B00E9CEEB /* EvtEventModel.h */ = {isa = PBXFileReference; lastKnownFileType = sourcecode.c.h; path = EvtEventModel.h; sourceTree = "<group>"; };
		E778D80521017D2B00E9CEEB /* EvtEventModel.m */ = {isa = PBXFileReference; lastKnownFileType = sourcecode.c.objc; path = EvtEventModel.m; sourceTree = "<group>"; };
		E778D8072101913700E9CEEB /* AppDelegate+ZHThirdPart.h */ = {isa = PBXFileReference; lastKnownFileType = sourcecode.c.h; path = "AppDelegate+ZHThirdPart.h"; sourceTree = "<group>"; };
		E778D8082101913700E9CEEB /* AppDelegate+ZHThirdPart.m */ = {isa = PBXFileReference; lastKnownFileType = sourcecode.c.objc; path = "AppDelegate+ZHThirdPart.m"; sourceTree = "<group>"; };
		E778D80A2101BDE500E9CEEB /* EvtEditEventController.h */ = {isa = PBXFileReference; lastKnownFileType = sourcecode.c.h; path = EvtEditEventController.h; sourceTree = "<group>"; };
		E778D80B2101BDE500E9CEEB /* EvtEditEventController.m */ = {isa = PBXFileReference; lastKnownFileType = sourcecode.c.objc; path = EvtEditEventController.m; sourceTree = "<group>"; };
		E791844521085C1B0033745D /* EvtEditEventCell.h */ = {isa = PBXFileReference; lastKnownFileType = sourcecode.c.h; path = EvtEditEventCell.h; sourceTree = "<group>"; };
		E791844621085C1B0033745D /* EvtEditEventCell.m */ = {isa = PBXFileReference; lastKnownFileType = sourcecode.c.objc; path = EvtEditEventCell.m; sourceTree = "<group>"; };
		E798B0D52125127C00578F24 /* EvtEventListViewModel.h */ = {isa = PBXFileReference; lastKnownFileType = sourcecode.c.h; path = EvtEventListViewModel.h; sourceTree = "<group>"; };
		E798B0D62125127C00578F24 /* EvtEventListViewModel.m */ = {isa = PBXFileReference; lastKnownFileType = sourcecode.c.objc; path = EvtEventListViewModel.m; sourceTree = "<group>"; };
		E798B0D82125223800578F24 /* EvtEventListCell.h */ = {isa = PBXFileReference; lastKnownFileType = sourcecode.c.h; path = EvtEventListCell.h; sourceTree = "<group>"; };
		E798B0D92125223800578F24 /* EvtEventListCell.m */ = {isa = PBXFileReference; lastKnownFileType = sourcecode.c.objc; path = EvtEventListCell.m; sourceTree = "<group>"; };
		E798B0DB212527BC00578F24 /* EvtEventListEventsViewModel.h */ = {isa = PBXFileReference; lastKnownFileType = sourcecode.c.h; path = EvtEventListEventsViewModel.h; sourceTree = "<group>"; };
		E798B0DC212527BC00578F24 /* EvtEventListEventsViewModel.m */ = {isa = PBXFileReference; lastKnownFileType = sourcecode.c.objc; path = EvtEventListEventsViewModel.m; sourceTree = "<group>"; };
		E798B0DF21252A5B00578F24 /* UITableViewCell+ZHViewModel.h */ = {isa = PBXFileReference; lastKnownFileType = sourcecode.c.h; path = "UITableViewCell+ZHViewModel.h"; sourceTree = "<group>"; };
		E798B0E021252A5B00578F24 /* UITableViewCell+ZHViewModel.m */ = {isa = PBXFileReference; lastKnownFileType = sourcecode.c.objc; path = "UITableViewCell+ZHViewModel.m"; sourceTree = "<group>"; };
		E798B0E221254B7D00578F24 /* ZHCommonApi.h */ = {isa = PBXFileReference; lastKnownFileType = sourcecode.c.h; path = ZHCommonApi.h; sourceTree = "<group>"; };
		E798B0E321254B7D00578F24 /* ZHCommonApi.m */ = {isa = PBXFileReference; lastKnownFileType = sourcecode.c.objc; path = ZHCommonApi.m; sourceTree = "<group>"; };
		E798B0E82125764600578F24 /* NSDate+ZHDate.h */ = {isa = PBXFileReference; lastKnownFileType = sourcecode.c.h; path = "NSDate+ZHDate.h"; sourceTree = "<group>"; };
		E798B0E92125764600578F24 /* NSDate+ZHDate.m */ = {isa = PBXFileReference; lastKnownFileType = sourcecode.c.objc; path = "NSDate+ZHDate.m"; sourceTree = "<group>"; };
		E798B0EE2127F14D00578F24 /* UIViewController+AOPBase.m */ = {isa = PBXFileReference; fileEncoding = 4; lastKnownFileType = sourcecode.c.objc; path = "UIViewController+AOPBase.m"; sourceTree = "<group>"; };
		E798B0EF2127F14D00578F24 /* UIViewController+AOPIntercepter.m */ = {isa = PBXFileReference; fileEncoding = 4; lastKnownFileType = sourcecode.c.objc; path = "UIViewController+AOPIntercepter.m"; sourceTree = "<group>"; };
		E798B0F02127F14D00578F24 /* UIViewController+AOPBase.h */ = {isa = PBXFileReference; fileEncoding = 4; lastKnownFileType = sourcecode.c.h; path = "UIViewController+AOPBase.h"; sourceTree = "<group>"; };
		E798B0F12127F14E00578F24 /* UIViewController+AOPIntercepter.h */ = {isa = PBXFileReference; fileEncoding = 4; lastKnownFileType = sourcecode.c.h; path = "UIViewController+AOPIntercepter.h"; sourceTree = "<group>"; };
		E798B0F52127F76000578F24 /* UITableView+ZHRefresh.h */ = {isa = PBXFileReference; lastKnownFileType = sourcecode.c.h; path = "UITableView+ZHRefresh.h"; sourceTree = "<group>"; };
		E798B0F62127F76000578F24 /* UITableView+ZHRefresh.m */ = {isa = PBXFileReference; lastKnownFileType = sourcecode.c.objc; path = "UITableView+ZHRefresh.m"; sourceTree = "<group>"; };
		E7A6222A212178740093853A /* EvtEditEventViewModel.h */ = {isa = PBXFileReference; lastKnownFileType = sourcecode.c.h; path = EvtEditEventViewModel.h; sourceTree = "<group>"; };
		E7A6222B212178740093853A /* EvtEditEventViewModel.m */ = {isa = PBXFileReference; lastKnownFileType = sourcecode.c.objc; path = EvtEditEventViewModel.m; sourceTree = "<group>"; };
		E7A62230212188AB0093853A /* EvtEditEventTitleViewModel.h */ = {isa = PBXFileReference; lastKnownFileType = sourcecode.c.h; path = EvtEditEventTitleViewModel.h; sourceTree = "<group>"; };
		E7A62231212188AB0093853A /* EvtEditEventTitleViewModel.m */ = {isa = PBXFileReference; lastKnownFileType = sourcecode.c.objc; path = EvtEditEventTitleViewModel.m; sourceTree = "<group>"; };
		E7AC851C212BAC17006B92AA /* EvtEditEventTagCell.h */ = {isa = PBXFileReference; lastKnownFileType = sourcecode.c.h; path = EvtEditEventTagCell.h; sourceTree = "<group>"; };
		E7AC851D212BAC17006B92AA /* EvtEditEventTagCell.m */ = {isa = PBXFileReference; lastKnownFileType = sourcecode.c.objc; path = EvtEditEventTagCell.m; sourceTree = "<group>"; };
		E7AC8520212BAE04006B92AA /* EvtEditEventTagViewModel.h */ = {isa = PBXFileReference; lastKnownFileType = sourcecode.c.h; path = EvtEditEventTagViewModel.h; sourceTree = "<group>"; };
		E7AC8521212BAE04006B92AA /* EvtEditEventTagViewModel.m */ = {isa = PBXFileReference; lastKnownFileType = sourcecode.c.objc; path = EvtEditEventTagViewModel.m; sourceTree = "<group>"; };
		E7AC8527212BE65F006B92AA /* AVObject+ApiExt.h */ = {isa = PBXFileReference; lastKnownFileType = sourcecode.c.h; path = "AVObject+ApiExt.h"; sourceTree = "<group>"; };
		E7AC8528212BE65F006B92AA /* AVObject+ApiExt.m */ = {isa = PBXFileReference; lastKnownFileType = sourcecode.c.objc; path = "AVObject+ApiExt.m"; sourceTree = "<group>"; };
		E7AC852A212BF7BB006B92AA /* EvtEventDetailController.h */ = {isa = PBXFileReference; lastKnownFileType = sourcecode.c.h; path = EvtEventDetailController.h; sourceTree = "<group>"; };
		E7AC852B212BF7BB006B92AA /* EvtEventDetailController.m */ = {isa = PBXFileReference; lastKnownFileType = sourcecode.c.objc; path = EvtEventDetailController.m; sourceTree = "<group>"; };
		E7AC852E212C15C3006B92AA /* EvtEventDetailViewModel.h */ = {isa = PBXFileReference; lastKnownFileType = sourcecode.c.h; path = EvtEventDetailViewModel.h; sourceTree = "<group>"; };
		E7AC852F212C15C3006B92AA /* EvtEventDetailViewModel.m */ = {isa = PBXFileReference; lastKnownFileType = sourcecode.c.objc; path = EvtEventDetailViewModel.m; sourceTree = "<group>"; };
/* End PBXFileReference section */

/* Begin PBXFrameworksBuildPhase section */
		E76B115221002AF60067E577 /* Frameworks */ = {
			isa = PBXFrameworksBuildPhase;
			buildActionMask = 2147483647;
			files = (
				98AABF8C02DE73D3F5FB294A /* Pods_ZHRemember.framework in Frameworks */,
			);
			runOnlyForDeploymentPostprocessing = 0;
		};
/* End PBXFrameworksBuildPhase section */

/* Begin PBXGroup section */
		CD8054A17CD416F4E515055B /* Frameworks */ = {
			isa = PBXGroup;
			children = (
				8CE926C7D02356CB1B8F0D26 /* Pods_ZHRemember.framework */,
			);
			name = Frameworks;
			sourceTree = "<group>";
		};
		CDCF7F43B09CF0BCBE18F93D /* Pods */ = {
			isa = PBXGroup;
			children = (
				4E6791BB3CAAF94D5936C2C7 /* Pods-ZHRemember.debug.xcconfig */,
				7DD1FA9A2CBA51B240BEE8EC /* Pods-ZHRemember.release.xcconfig */,
			);
			name = Pods;
			sourceTree = "<group>";
		};
		E700FDE9212A675400A9C330 /* My */ = {
			isa = PBXGroup;
			children = (
				E700FDEA212A675F00A9C330 /* Controller */,
				E700FDF0212A67FB00A9C330 /* MyTarget.h */,
				E700FDF1212A67FB00A9C330 /* MyTarget.m */,
				E700FDF3212A689400A9C330 /* MyModuleHeader.h */,
			);
			path = My;
			sourceTree = "<group>";
		};
		E700FDEA212A675F00A9C330 /* Controller */ = {
			isa = PBXGroup;
			children = (
				E700FDEB212A677700A9C330 /* MyStoryboard.storyboard */,
				E700FDED212A679800A9C330 /* MyViewController.h */,
				E700FDEE212A679800A9C330 /* MyViewController.m */,
			);
			path = Controller;
			sourceTree = "<group>";
		};
		E700FDF7212A6F1900A9C330 /* Tag */ = {
			isa = PBXGroup;
			children = (
				E700FDF8212A6F3800A9C330 /* EvtTagListCell.h */,
				E700FDF9212A6F3800A9C330 /* EvtTagListCell.m */,
			);
			path = Tag;
			sourceTree = "<group>";
		};
		E700FDFB212A8F5700A9C330 /* Tag */ = {
			isa = PBXGroup;
			children = (
				E700FDFC212A8F8D00A9C330 /* EvtTagManageViewModel.h */,
				E700FDFD212A8F8D00A9C330 /* EvtTagManageViewModel.m */,
			);
			path = Tag;
			sourceTree = "<group>";
		};
		E7044348210037A7000239C1 /* Categroy */ = {
			isa = PBXGroup;
			children = (
				E76B117C210032A50067E577 /* ModeuleCategory */,
				E798B0F42127F74B00578F24 /* UITableView */,
				E798B0E72125762500578F24 /* Date */,
				E798B0DE21252A3E00578F24 /* Cell */,
				E704438F21007816000239C1 /* Controller */,
				E704435021003972000239C1 /* Color */,
				E704434A210037E2000239C1 /* Image */,
				E704435821003E8B000239C1 /* ZHCagegory.h */,
			);
			path = Categroy;
			sourceTree = "<group>";
		};
		E704434A210037E2000239C1 /* Image */ = {
			isa = PBXGroup;
			children = (
				E704434B21003805000239C1 /* UIImage+ZHExt.h */,
				E704434C21003805000239C1 /* UIImage+ZHExt.m */,
			);
			path = Image;
			sourceTree = "<group>";
		};
		E704434E210038AD000239C1 /* Config */ = {
			isa = PBXGroup;
			children = (
				E7044354210039F1000239C1 /* ZHMacro.h */,
				E7044355210039F1000239C1 /* ZHMacro.m */,
			);
			path = Config;
			sourceTree = "<group>";
		};
		E704435021003972000239C1 /* Color */ = {
			isa = PBXGroup;
			children = (
				E70443512100399E000239C1 /* UIColor+ZHTheme.h */,
				E70443522100399E000239C1 /* UIColor+ZHTheme.m */,
			);
			path = Color;
			sourceTree = "<group>";
		};
		E704435921007493000239C1 /* Lib */ = {
			isa = PBXGroup;
			children = (
				E798B0ED2127F0E600578F24 /* AOPConfig */,
				E704435A2100754C000239C1 /* EasyNavigation */,
			);
			path = Lib;
			sourceTree = "<group>";
		};
		E704435A2100754C000239C1 /* EasyNavigation */ = {
			isa = PBXGroup;
			children = (
				E704435B2100754C000239C1 /* EasyNavigationView+RightButton.h */,
				E704435C2100754C000239C1 /* EasyNavigationController.m */,
				E704435D2100754C000239C1 /* NSObject+EasyKVO.m */,
				E704435E2100754C000239C1 /* EasyNavigationButton.h */,
				E704435F2100754C000239C1 /* UIScrollView+EasyNavigationExt.h */,
				E70443602100754C000239C1 /* EasyNavigationOptions.m */,
				E70443612100754C000239C1 /* EasyKVOInfo.m */,
				E70443622100754C000239C1 /* EasyNavigationView.m */,
				E70443632100754C000239C1 /* UIView+EasyNavigationExt.m */,
				E70443642100754C000239C1 /* EasyNavigation.h */,
				E70443652100754C000239C1 /* UIViewController+EasyNavigationExt.h */,
				E70443662100754C000239C1 /* EasyNavigationView+LeftButton.m */,
				E70443672100754C000239C1 /* EasyCustomBackGestureDelegate.h */,
				E70443682100754C000239C1 /* EasyNavigationUtils.m */,
				E70443692100754C000239C1 /* EasyNavigationView+RightButton.m */,
				E704436A2100754C000239C1 /* EasyNavButton.bundle */,
				E704436B2100754C000239C1 /* EasyKVOInfo.h */,
				E704436C2100754C000239C1 /* EasyNavigationOptions.h */,
				E704436D2100754C000239C1 /* EasyNavigationButton.m */,
				E704436E2100754C000239C1 /* UIScrollView+EasyNavigationExt.m */,
				E704436F2100754C000239C1 /* NSObject+EasyKVO.h */,
				E70443702100754C000239C1 /* EasyNavigationController.h */,
				E70443712100754C000239C1 /* UIView+EasyNavigationExt.h */,
				E70443722100754C000239C1 /* EasyNavigationView.h */,
				E70443732100754C000239C1 /* EasyNavigationUtils.h */,
				E70443742100754C000239C1 /* EasyCustomBackGestureDelegate.m */,
				E70443752100754C000239C1 /* EasyNavigationView+LeftButton.h */,
				E70443762100754C000239C1 /* UIViewController+EasyNavigationExt.m */,
			);
			path = EasyNavigation;
			sourceTree = "<group>";
		};
		E704438521007614000239C1 /* Events */ = {
			isa = PBXGroup;
			children = (
				E704438E210077B6000239C1 /* EvtEventHeader.h */,
				E7044393210078F3000239C1 /* EvtEventTarget.h */,
				E7044394210078F3000239C1 /* EvtEventTarget.m */,
				E70443882100764C000239C1 /* ViewModel */,
				E704438721007646000239C1 /* View */,
				E70443862100763C000239C1 /* Controller */,
			);
			path = Events;
			sourceTree = "<group>";
		};
		E70443862100763C000239C1 /* Controller */ = {
			isa = PBXGroup;
			children = (
				E704438C210076EC000239C1 /* EvtEventStoryboard.storyboard */,
				E7044389210076C9000239C1 /* EvtEventListController.h */,
				E704438A210076C9000239C1 /* EvtEventListController.m */,
				E778D80A2101BDE500E9CEEB /* EvtEditEventController.h */,
				E778D80B2101BDE500E9CEEB /* EvtEditEventController.m */,
				E7AC852A212BF7BB006B92AA /* EvtEventDetailController.h */,
				E7AC852B212BF7BB006B92AA /* EvtEventDetailController.m */,
				E700FDE6212A671800A9C330 /* EvtTagManagerController.h */,
				E700FDE7212A671800A9C330 /* EvtTagManagerController.m */,
			);
			path = Controller;
			sourceTree = "<group>";
		};
		E704438721007646000239C1 /* View */ = {
			isa = PBXGroup;
			children = (
				E700FDF7212A6F1900A9C330 /* Tag */,
				E798B0D4212511E800578F24 /* Edit */,
				E798B0D82125223800578F24 /* EvtEventListCell.h */,
				E798B0D92125223800578F24 /* EvtEventListCell.m */,
			);
			path = View;
			sourceTree = "<group>";
		};
		E70443882100764C000239C1 /* ViewModel */ = {
			isa = PBXGroup;
			children = (
				E7AC852D212C1452006B92AA /* Detail */,
				E700FDFB212A8F5700A9C330 /* Tag */,
				E798B0D3212511C400578F24 /* Edit */,
				E798B0D52125127C00578F24 /* EvtEventListViewModel.h */,
				E798B0D62125127C00578F24 /* EvtEventListViewModel.m */,
				E798B0DB212527BC00578F24 /* EvtEventListEventsViewModel.h */,
				E798B0DC212527BC00578F24 /* EvtEventListEventsViewModel.m */,
			);
			path = ViewModel;
			sourceTree = "<group>";
		};
		E704438F21007816000239C1 /* Controller */ = {
			isa = PBXGroup;
			children = (
				E704439021007833000239C1 /* UIViewController+ZHStoryBoard.h */,
				E704439121007833000239C1 /* UIViewController+ZHStoryBoard.m */,
				E70F6AFA2109B5A4006E816C /* UIResponder+ZHRouter.h */,
				E70F6AFB2109B5A4006E816C /* UIResponder+ZHRouter.m */,
			);
			path = Controller;
			sourceTree = "<group>";
		};
		E70CFEED212FE26E004A6155 /* Account */ = {
			isa = PBXGroup;
			children = (
				E70CFEEE212FE2AA004A6155 /* ZHAccountApi.h */,
				E70CFEEF212FE2AA004A6155 /* ZHAccountApi.m */,
			);
			path = Account;
			sourceTree = "<group>";
		};
		E72705CB212EA34900F4BDB9 /* Login */ = {
			isa = PBXGroup;
			children = (
				E72705CF212EA36D00F4BDB9 /* ViewModel */,
				E72705CE212EA36600F4BDB9 /* Controller */,
				E72705CD212EA36100F4BDB9 /* View */,
				E72705CC212EA35900F4BDB9 /* Model */,
				E72705D5212EA64400F4BDB9 /* LoginConfig.h */,
				E72705D6212EA64400F4BDB9 /* LoginConfig.m */,
			);
			path = Login;
			sourceTree = "<group>";
		};
		E72705CC212EA35900F4BDB9 /* Model */ = {
			isa = PBXGroup;
			children = (
			);
			path = Model;
			sourceTree = "<group>";
		};
		E72705CD212EA36100F4BDB9 /* View */ = {
			isa = PBXGroup;
			children = (
			);
			path = View;
			sourceTree = "<group>";
		};
		E72705CE212EA36600F4BDB9 /* Controller */ = {
			isa = PBXGroup;
			children = (
				E72705D0212EA38B00F4BDB9 /* LoginStoryboard.storyboard */,
				E72705D2212EA5AD00F4BDB9 /* LGRegisterViewController.h */,
				E72705D3212EA5AD00F4BDB9 /* LGRegisterViewController.m */,
				E70CFEF1212FEE53004A6155 /* LGLoginViewController.h */,
				E70CFEF2212FEE53004A6155 /* LGLoginViewController.m */,
			);
			path = Controller;
			sourceTree = "<group>";
		};
		E72705CF212EA36D00F4BDB9 /* ViewModel */ = {
			isa = PBXGroup;
			children = (
				E72705D8212EB86200F4BDB9 /* LGRegisterViewModel.h */,
				E72705D9212EB86200F4BDB9 /* LGRegisterViewModel.m */,
				E70CFEF6212FF7A5004A6155 /* LGLoginViewModel.h */,
				E70CFEF7212FF7A5004A6155 /* LGLoginViewModel.m */,
			);
			path = ViewModel;
			sourceTree = "<group>";
		};
		E76B114C21002AF60067E577 = {
			isa = PBXGroup;
			children = (
				E76B115721002AF60067E577 /* ZHRemember */,
				E76B115621002AF60067E577 /* Products */,
				CDCF7F43B09CF0BCBE18F93D /* Pods */,
				CD8054A17CD416F4E515055B /* Frameworks */,
			);
			sourceTree = "<group>";
		};
		E76B115621002AF60067E577 /* Products */ = {
			isa = PBXGroup;
			children = (
				E76B115521002AF60067E577 /* ZHRemember.app */,
			);
			name = Products;
			sourceTree = "<group>";
		};
		E76B115721002AF60067E577 /* ZHRemember */ = {
			isa = PBXGroup;
			children = (
				E778D8012101770500E9CEEB /* API */,
				E704435921007493000239C1 /* Lib */,
				E704434E210038AD000239C1 /* Config */,
				E7044348210037A7000239C1 /* Categroy */,
				E76B117021002D8A0067E577 /* Modules */,
				E76B116F21002D780067E577 /* AppDelegate */,
				E76B116E21002D360067E577 /* SupportingFiles */,
			);
			path = ZHRemember;
			sourceTree = "<group>";
		};
		E76B116E21002D360067E577 /* SupportingFiles */ = {
			isa = PBXGroup;
			children = (
				E76B116321002AF70067E577 /* LaunchScreen.storyboard */,
				E76B116721002AF70067E577 /* main.m */,
				E76B116621002AF70067E577 /* Info.plist */,
				E76B116121002AF70067E577 /* Assets.xcassets */,
				E704435721003B42000239C1 /* PrefixHeader.pch */,
			);
			path = SupportingFiles;
			sourceTree = "<group>";
		};
		E76B116F21002D780067E577 /* AppDelegate */ = {
			isa = PBXGroup;
			children = (
				E76B115821002AF60067E577 /* AppDelegate.h */,
				E76B115921002AF60067E577 /* AppDelegate.m */,
				E76B11802100358D0067E577 /* AppDelegate+ZHAppearance.h */,
				E76B11812100358D0067E577 /* AppDelegate+ZHAppearance.m */,
				E778D8072101913700E9CEEB /* AppDelegate+ZHThirdPart.h */,
				E778D8082101913700E9CEEB /* AppDelegate+ZHThirdPart.m */,
			);
			path = AppDelegate;
			sourceTree = "<group>";
		};
		E76B117021002D8A0067E577 /* Modules */ = {
			isa = PBXGroup;
			children = (
				E72705CB212EA34900F4BDB9 /* Login */,
				E700FDE9212A675400A9C330 /* My */,
				E704438521007614000239C1 /* Events */,
				E76B117121002DB20067E577 /* Main */,
			);
			path = Modules;
			sourceTree = "<group>";
		};
		E76B117121002DB20067E577 /* Main */ = {
			isa = PBXGroup;
			children = (
				E76B1176210031590067E577 /* MainTarget.h */,
				E76B1177210031590067E577 /* MainTarget.m */,
				E76B117B210032060067E577 /* ZHMainHeader.h */,
				E76B117A2100316B0067E577 /* ViewModel */,
				E76B1179210031620067E577 /* View */,
				E76B1175210031200067E577 /* Controllers */,
			);
			path = Main;
			sourceTree = "<group>";
		};
		E76B1175210031200067E577 /* Controllers */ = {
			isa = PBXGroup;
			children = (
				E76B117221002E1D0067E577 /* MinMainTabController.h */,
				E76B117321002E1D0067E577 /* MinMainTabController.m */,
			);
			path = Controllers;
			sourceTree = "<group>";
		};
		E76B1179210031620067E577 /* View */ = {
			isa = PBXGroup;
			children = (
			);
			path = View;
			sourceTree = "<group>";
		};
		E76B117A2100316B0067E577 /* ViewModel */ = {
			isa = PBXGroup;
			children = (
			);
			path = ViewModel;
			sourceTree = "<group>";
		};
		E76B117C210032A50067E577 /* ModeuleCategory */ = {
			isa = PBXGroup;
			children = (
				E76B117D210032E30067E577 /* ZHMediator+Main.h */,
				E76B117E210032E30067E577 /* ZHMediator+Main.m */,
				E704439621007963000239C1 /* ZHMediator+ZHEvent.h */,
				E704439721007963000239C1 /* ZHMediator+ZHEvent.m */,
				E700FDF4212A694B00A9C330 /* ZHMediator+My.h */,
				E700FDF5212A694B00A9C330 /* ZHMediator+My.m */,
			);
			path = ModeuleCategory;
			sourceTree = "<group>";
		};
		E778D8012101770500E9CEEB /* API */ = {
			isa = PBXGroup;
			children = (
				E70CFEED212FE26E004A6155 /* Account */,
				E7AC8526212BE631006B92AA /* Category */,
				E7AC8525212BE16C006B92AA /* CommonApi */,
				E778D8022101773000E9CEEB /* EventApi */,
			);
			path = API;
			sourceTree = "<group>";
		};
		E778D8022101773000E9CEEB /* EventApi */ = {
			isa = PBXGroup;
			children = (
				E778D8032101775000E9CEEB /* Models */,
				E73667CB2124095B00BC7652 /* EvtEventApi.h */,
				E73667CC2124095B00BC7652 /* EvtEventApi.m */,
			);
			path = EventApi;
			sourceTree = "<group>";
		};
		E778D8032101775000E9CEEB /* Models */ = {
			isa = PBXGroup;
			children = (
				E778D80421017D2B00E9CEEB /* EvtEventModel.h */,
				E778D80521017D2B00E9CEEB /* EvtEventModel.m */,
				E700FDFF212A936500A9C330 /* EvtTagModel.h */,
				E700FE00212A936500A9C330 /* EvtTagModel.m */,
			);
			name = Models;
			sourceTree = "<group>";
		};
		E798B0D3212511C400578F24 /* Edit */ = {
			isa = PBXGroup;
			children = (
				E7A6222A212178740093853A /* EvtEditEventViewModel.h */,
				E7A6222B212178740093853A /* EvtEditEventViewModel.m */,
				E7A62230212188AB0093853A /* EvtEditEventTitleViewModel.h */,
				E7A62231212188AB0093853A /* EvtEditEventTitleViewModel.m */,
				E71ED416212282F3000E18F2 /* EvtEditEventCoverViewModel.h */,
				E71ED417212282F3000E18F2 /* EvtEditEventCoverViewModel.m */,
				E71ED4192122843C000E18F2 /* EvtEditEventDateViewModel.h */,
				E71ED41A2122843C000E18F2 /* EvtEditEventDateViewModel.m */,
				E71ED4232122D3AA000E18F2 /* EvtEditEventCycleViewModel.h */,
				E71ED4242122D3AA000E18F2 /* EvtEditEventCycleViewModel.m */,
				E73667C82123FCB600BC7652 /* EvtEditEventRemarkViewModel.h */,
				E73667C92123FCB600BC7652 /* EvtEditEventRemarkViewModel.m */,
				E7AC8520212BAE04006B92AA /* EvtEditEventTagViewModel.h */,
				E7AC8521212BAE04006B92AA /* EvtEditEventTagViewModel.m */,
			);
			path = Edit;
			sourceTree = "<group>";
		};
		E798B0D4212511E800578F24 /* Edit */ = {
			isa = PBXGroup;
			children = (
				E73B4FC52106D23700B6243B /* EvtEditEventTitleCell.h */,
				E73B4FC62106D23700B6243B /* EvtEditEventTitleCell.m */,
				E73B4FC22106D22100B6243B /* EvtEditEventCoverCell.h */,
				E73B4FC32106D22100B6243B /* EvtEditEventCoverCell.m */,
				E73B4FC82106D2FD00B6243B /* EvtEditEventDateCell.h */,
				E73B4FC92106D2FD00B6243B /* EvtEditEventDateCell.m */,
				E73B4FCB2106D33E00B6243B /* EvtEditEventCycleCell.h */,
				E73B4FCC2106D33E00B6243B /* EvtEditEventCycleCell.m */,
				E7AC851C212BAC17006B92AA /* EvtEditEventTagCell.h */,
				E7AC851D212BAC17006B92AA /* EvtEditEventTagCell.m */,
				E73B4FCE2106D3AA00B6243B /* EvtEditEventRemarkCell.h */,
				E73B4FCF2106D3AA00B6243B /* EvtEditEventRemarkCell.m */,
				E791844521085C1B0033745D /* EvtEditEventCell.h */,
				E791844621085C1B0033745D /* EvtEditEventCell.m */,
			);
			path = Edit;
			sourceTree = "<group>";
		};
		E798B0DE21252A3E00578F24 /* Cell */ = {
			isa = PBXGroup;
			children = (
				E798B0DF21252A5B00578F24 /* UITableViewCell+ZHViewModel.h */,
				E798B0E021252A5B00578F24 /* UITableViewCell+ZHViewModel.m */,
			);
			path = Cell;
			sourceTree = "<group>";
		};
		E798B0E72125762500578F24 /* Date */ = {
			isa = PBXGroup;
			children = (
				E798B0E82125764600578F24 /* NSDate+ZHDate.h */,
				E798B0E92125764600578F24 /* NSDate+ZHDate.m */,
			);
			path = Date;
			sourceTree = "<group>";
		};
		E798B0ED2127F0E600578F24 /* AOPConfig */ = {
			isa = PBXGroup;
			children = (
				E798B0F02127F14D00578F24 /* UIViewController+AOPBase.h */,
				E798B0EE2127F14D00578F24 /* UIViewController+AOPBase.m */,
				E798B0F12127F14E00578F24 /* UIViewController+AOPIntercepter.h */,
				E798B0EF2127F14D00578F24 /* UIViewController+AOPIntercepter.m */,
			);
			path = AOPConfig;
			sourceTree = "<group>";
		};
		E798B0F42127F74B00578F24 /* UITableView */ = {
			isa = PBXGroup;
			children = (
				E798B0F52127F76000578F24 /* UITableView+ZHRefresh.h */,
				E798B0F62127F76000578F24 /* UITableView+ZHRefresh.m */,
			);
			path = UITableView;
			sourceTree = "<group>";
		};
		E7AC8525212BE16C006B92AA /* CommonApi */ = {
			isa = PBXGroup;
			children = (
				E798B0E221254B7D00578F24 /* ZHCommonApi.h */,
				E798B0E321254B7D00578F24 /* ZHCommonApi.m */,
			);
			path = CommonApi;
			sourceTree = "<group>";
		};
		E7AC8526212BE631006B92AA /* Category */ = {
			isa = PBXGroup;
			children = (
				E7AC8527212BE65F006B92AA /* AVObject+ApiExt.h */,
				E7AC8528212BE65F006B92AA /* AVObject+ApiExt.m */,
			);
			path = Category;
			sourceTree = "<group>";
		};
		E7AC852D212C1452006B92AA /* Detail */ = {
			isa = PBXGroup;
			children = (
				E7AC852E212C15C3006B92AA /* EvtEventDetailViewModel.h */,
				E7AC852F212C15C3006B92AA /* EvtEventDetailViewModel.m */,
			);
			path = Detail;
			sourceTree = "<group>";
		};
/* End PBXGroup section */

/* Begin PBXNativeTarget section */
		E76B115421002AF60067E577 /* ZHRemember */ = {
			isa = PBXNativeTarget;
			buildConfigurationList = E76B116B21002AF70067E577 /* Build configuration list for PBXNativeTarget "ZHRemember" */;
			buildPhases = (
				E2259C348F6F08246E51E7F1 /* [CP] Check Pods Manifest.lock */,
				E76B115121002AF60067E577 /* Sources */,
				E76B115221002AF60067E577 /* Frameworks */,
				E76B115321002AF60067E577 /* Resources */,
				1C2FCC9D8F580120DA4E167E /* [CP] Embed Pods Frameworks */,
				EA5381F70850B0BBDBF43F55 /* [CP] Copy Pods Resources */,
			);
			buildRules = (
			);
			dependencies = (
			);
			name = ZHRemember;
			productName = ZHRemember;
			productReference = E76B115521002AF60067E577 /* ZHRemember.app */;
			productType = "com.apple.product-type.application";
		};
/* End PBXNativeTarget section */

/* Begin PBXProject section */
		E76B114D21002AF60067E577 /* Project object */ = {
			isa = PBXProject;
			attributes = {
				LastUpgradeCheck = 0940;
				ORGANIZATIONNAME = xuzhenhao;
				TargetAttributes = {
					E76B115421002AF60067E577 = {
						CreatedOnToolsVersion = 9.4.1;
					};
				};
			};
			buildConfigurationList = E76B115021002AF60067E577 /* Build configuration list for PBXProject "ZHRemember" */;
			compatibilityVersion = "Xcode 9.3";
			developmentRegion = en;
			hasScannedForEncodings = 0;
			knownRegions = (
				en,
				Base,
			);
			mainGroup = E76B114C21002AF60067E577;
			productRefGroup = E76B115621002AF60067E577 /* Products */;
			projectDirPath = "";
			projectRoot = "";
			targets = (
				E76B115421002AF60067E577 /* ZHRemember */,
			);
		};
/* End PBXProject section */

/* Begin PBXResourcesBuildPhase section */
		E76B115321002AF60067E577 /* Resources */ = {
			isa = PBXResourcesBuildPhase;
			buildActionMask = 2147483647;
			files = (
				E76B116521002AF70067E577 /* LaunchScreen.storyboard in Resources */,
				E700FDEC212A677700A9C330 /* MyStoryboard.storyboard in Resources */,
				E76B116221002AF70067E577 /* Assets.xcassets in Resources */,
				E72705D1212EA38B00F4BDB9 /* LoginStoryboard.storyboard in Resources */,
				E704438D210076EC000239C1 /* EvtEventStoryboard.storyboard in Resources */,
				E70443802100754C000239C1 /* EasyNavButton.bundle in Resources */,
			);
			runOnlyForDeploymentPostprocessing = 0;
		};
/* End PBXResourcesBuildPhase section */

/* Begin PBXShellScriptBuildPhase section */
		1C2FCC9D8F580120DA4E167E /* [CP] Embed Pods Frameworks */ = {
			isa = PBXShellScriptBuildPhase;
			buildActionMask = 2147483647;
			files = (
			);
			inputPaths = (
				"${SRCROOT}/Pods/Target Support Files/Pods-ZHRemember/Pods-ZHRemember-frameworks.sh",
				"${BUILT_PRODUCTS_DIR}/AVOSCloud/AVOSCloud.framework",
				"${BUILT_PRODUCTS_DIR}/DateTools/DateTools.framework",
				"${BUILT_PRODUCTS_DIR}/JLRoutes/JLRoutes.framework",
				"${BUILT_PRODUCTS_DIR}/MJRefresh/MJRefresh.framework",
				"${BUILT_PRODUCTS_DIR}/Mantle/Mantle.framework",
				"${BUILT_PRODUCTS_DIR}/Masonry/Masonry.framework",
				"${BUILT_PRODUCTS_DIR}/PGDatePicker/PGDatePicker.framework",
				"${BUILT_PRODUCTS_DIR}/PGPickerView/PGPickerView.framework",
				"${BUILT_PRODUCTS_DIR}/ReactiveObjC/ReactiveObjC.framework",
				"${BUILT_PRODUCTS_DIR}/SDWebImage/SDWebImage.framework",
				"${BUILT_PRODUCTS_DIR}/TZImagePickerController/TZImagePickerController.framework",
				"${BUILT_PRODUCTS_DIR}/ZHMediator/ZHMediator.framework",
				"${BUILT_PRODUCTS_DIR}/ZHTableView/ZHTableView.framework",
			);
			name = "[CP] Embed Pods Frameworks";
			outputPaths = (
				"${TARGET_BUILD_DIR}/${FRAMEWORKS_FOLDER_PATH}/AVOSCloud.framework",
				"${TARGET_BUILD_DIR}/${FRAMEWORKS_FOLDER_PATH}/DateTools.framework",
				"${TARGET_BUILD_DIR}/${FRAMEWORKS_FOLDER_PATH}/JLRoutes.framework",
				"${TARGET_BUILD_DIR}/${FRAMEWORKS_FOLDER_PATH}/MJRefresh.framework",
				"${TARGET_BUILD_DIR}/${FRAMEWORKS_FOLDER_PATH}/Mantle.framework",
				"${TARGET_BUILD_DIR}/${FRAMEWORKS_FOLDER_PATH}/Masonry.framework",
				"${TARGET_BUILD_DIR}/${FRAMEWORKS_FOLDER_PATH}/PGDatePicker.framework",
				"${TARGET_BUILD_DIR}/${FRAMEWORKS_FOLDER_PATH}/PGPickerView.framework",
				"${TARGET_BUILD_DIR}/${FRAMEWORKS_FOLDER_PATH}/ReactiveObjC.framework",
				"${TARGET_BUILD_DIR}/${FRAMEWORKS_FOLDER_PATH}/SDWebImage.framework",
				"${TARGET_BUILD_DIR}/${FRAMEWORKS_FOLDER_PATH}/TZImagePickerController.framework",
				"${TARGET_BUILD_DIR}/${FRAMEWORKS_FOLDER_PATH}/ZHMediator.framework",
				"${TARGET_BUILD_DIR}/${FRAMEWORKS_FOLDER_PATH}/ZHTableView.framework",
			);
			runOnlyForDeploymentPostprocessing = 0;
			shellPath = /bin/sh;
			shellScript = "\"${SRCROOT}/Pods/Target Support Files/Pods-ZHRemember/Pods-ZHRemember-frameworks.sh\"\n";
			showEnvVarsInLog = 0;
		};
		E2259C348F6F08246E51E7F1 /* [CP] Check Pods Manifest.lock */ = {
			isa = PBXShellScriptBuildPhase;
			buildActionMask = 2147483647;
			files = (
			);
			inputPaths = (
				"${PODS_PODFILE_DIR_PATH}/Podfile.lock",
				"${PODS_ROOT}/Manifest.lock",
			);
			name = "[CP] Check Pods Manifest.lock";
			outputPaths = (
				"$(DERIVED_FILE_DIR)/Pods-ZHRemember-checkManifestLockResult.txt",
			);
			runOnlyForDeploymentPostprocessing = 0;
			shellPath = /bin/sh;
			shellScript = "diff \"${PODS_PODFILE_DIR_PATH}/Podfile.lock\" \"${PODS_ROOT}/Manifest.lock\" > /dev/null\nif [ $? != 0 ] ; then\n    # print error to STDERR\n    echo \"error: The sandbox is not in sync with the Podfile.lock. Run 'pod install' or update your CocoaPods installation.\" >&2\n    exit 1\nfi\n# This output is used by Xcode 'outputs' to avoid re-running this script phase.\necho \"SUCCESS\" > \"${SCRIPT_OUTPUT_FILE_0}\"\n";
			showEnvVarsInLog = 0;
		};
		EA5381F70850B0BBDBF43F55 /* [CP] Copy Pods Resources */ = {
			isa = PBXShellScriptBuildPhase;
			buildActionMask = 2147483647;
			files = (
			);
			inputPaths = (
				"${SRCROOT}/Pods/Target Support Files/Pods-ZHRemember/Pods-ZHRemember-resources.sh",
				"${PODS_ROOT}/AVOSCloud/AVOS/AVOSCloud/AVOSCloud_Art.inc",
			);
			name = "[CP] Copy Pods Resources";
			outputPaths = (
				"${TARGET_BUILD_DIR}/${UNLOCALIZED_RESOURCES_FOLDER_PATH}/AVOSCloud_Art.inc",
			);
			runOnlyForDeploymentPostprocessing = 0;
			shellPath = /bin/sh;
			shellScript = "\"${SRCROOT}/Pods/Target Support Files/Pods-ZHRemember/Pods-ZHRemember-resources.sh\"\n";
			showEnvVarsInLog = 0;
		};
/* End PBXShellScriptBuildPhase section */

/* Begin PBXSourcesBuildPhase section */
		E76B115121002AF60067E577 /* Sources */ = {
			isa = PBXSourcesBuildPhase;
			buildActionMask = 2147483647;
			files = (
				E791844721085C1B0033745D /* EvtEditEventCell.m in Sources */,
				E70443842100754C000239C1 /* UIViewController+EasyNavigationExt.m in Sources */,
				E700FE01212A936500A9C330 /* EvtTagModel.m in Sources */,
				E7044395210078F3000239C1 /* EvtEventTarget.m in Sources */,
				E72705D4212EA5AD00F4BDB9 /* LGRegisterViewController.m in Sources */,
				E7AC8530212C15C3006B92AA /* EvtEventDetailViewModel.m in Sources */,
				E704438B210076C9000239C1 /* EvtEventListController.m in Sources */,
				E7AC8522212BAE04006B92AA /* EvtEditEventTagViewModel.m in Sources */,
				E7A62232212188AB0093853A /* EvtEditEventTitleViewModel.m in Sources */,
				E72705D7212EA64400F4BDB9 /* LoginConfig.m in Sources */,
				E71ED418212282F3000E18F2 /* EvtEditEventCoverViewModel.m in Sources */,
				E70443792100754C000239C1 /* EasyNavigationOptions.m in Sources */,
				E798B0DA2125223800578F24 /* EvtEventListCell.m in Sources */,
				E71ED41B2122843C000E18F2 /* EvtEditEventDateViewModel.m in Sources */,
				E70443782100754C000239C1 /* NSObject+EasyKVO.m in Sources */,
				E7AC851E212BAC17006B92AA /* EvtEditEventTagCell.m in Sources */,
				E70443832100754C000239C1 /* EasyCustomBackGestureDelegate.m in Sources */,
				E798B0F32127F14E00578F24 /* UIViewController+AOPIntercepter.m in Sources */,
				E7A6222C212178740093853A /* EvtEditEventViewModel.m in Sources */,
				E798B0F22127F14E00578F24 /* UIViewController+AOPBase.m in Sources */,
				E73B4FCA2106D2FD00B6243B /* EvtEditEventDateCell.m in Sources */,
				E76B11822100358D0067E577 /* AppDelegate+ZHAppearance.m in Sources */,
				E70CFEF0212FE2AA004A6155 /* ZHAccountApi.m in Sources */,
				E700FDE8212A671800A9C330 /* EvtTagManagerController.m in Sources */,
				E70443532100399E000239C1 /* UIColor+ZHTheme.m in Sources */,
				E700FDF6212A694B00A9C330 /* ZHMediator+My.m in Sources */,
				E76B117421002E1D0067E577 /* MinMainTabController.m in Sources */,
				E798B0DD212527BC00578F24 /* EvtEventListEventsViewModel.m in Sources */,
				E704439821007963000239C1 /* ZHMediator+ZHEvent.m in Sources */,
				E73B4FC72106D23700B6243B /* EvtEditEventTitleCell.m in Sources */,
				E704437C2100754C000239C1 /* UIView+EasyNavigationExt.m in Sources */,
				E7044356210039F1000239C1 /* ZHMacro.m in Sources */,
				E798B0F72127F76000578F24 /* UITableView+ZHRefresh.m in Sources */,
				E70F6AFC2109B5A4006E816C /* UIResponder+ZHRouter.m in Sources */,
				E70443812100754C000239C1 /* EasyNavigationButton.m in Sources */,
				E73667CD2124095B00BC7652 /* EvtEventApi.m in Sources */,
				E7AC852C212BF7BB006B92AA /* EvtEventDetailController.m in Sources */,
				E778D80621017D2B00E9CEEB /* EvtEventModel.m in Sources */,
				E76B116821002AF70067E577 /* main.m in Sources */,
				E76B1178210031590067E577 /* MainTarget.m in Sources */,
				E704439221007833000239C1 /* UIViewController+ZHStoryBoard.m in Sources */,
				E70443822100754C000239C1 /* UIScrollView+EasyNavigationExt.m in Sources */,
				E798B0E421254B7D00578F24 /* ZHCommonApi.m in Sources */,
				E704437D2100754C000239C1 /* EasyNavigationView+LeftButton.m in Sources */,
				E798B0EA2125764600578F24 /* NSDate+ZHDate.m in Sources */,
				E76B115A21002AF60067E577 /* AppDelegate.m in Sources */,
				E71ED4252122D3AA000E18F2 /* EvtEditEventCycleViewModel.m in Sources */,
				E700FDF2212A67FB00A9C330 /* MyTarget.m in Sources */,
				E704437E2100754C000239C1 /* EasyNavigationUtils.m in Sources */,
				E7AC8529212BE65F006B92AA /* AVObject+ApiExt.m in Sources */,
				E73B4FC42106D22100B6243B /* EvtEditEventCoverCell.m in Sources */,
				E798B0E121252A5B00578F24 /* UITableViewCell+ZHViewModel.m in Sources */,
				E704434D21003805000239C1 /* UIImage+ZHExt.m in Sources */,
				E72705DA212EB86200F4BDB9 /* LGRegisterViewModel.m in Sources */,
				E704437B2100754C000239C1 /* EasyNavigationView.m in Sources */,
				E778D80C2101BDE500E9CEEB /* EvtEditEventController.m in Sources */,
				E778D8092101913700E9CEEB /* AppDelegate+ZHThirdPart.m in Sources */,
				E73B4FD02106D3AA00B6243B /* EvtEditEventRemarkCell.m in Sources */,
				E704437F2100754C000239C1 /* EasyNavigationView+RightButton.m in Sources */,
				E70CFEF8212FF7A5004A6155 /* LGLoginViewModel.m in Sources */,
				E76B117F210032E30067E577 /* ZHMediator+Main.m in Sources */,
				E700FDEF212A679800A9C330 /* MyViewController.m in Sources */,
				E798B0D72125127C00578F24 /* EvtEventListViewModel.m in Sources */,
				E70443772100754C000239C1 /* EasyNavigationController.m in Sources */,
				E73667CA2123FCB600BC7652 /* EvtEditEventRemarkViewModel.m in Sources */,
				E700FDFE212A8F8D00A9C330 /* EvtTagManageViewModel.m in Sources */,
				E704437A2100754C000239C1 /* EasyKVOInfo.m in Sources */,
				E700FDFA212A6F3800A9C330 /* EvtTagListCell.m in Sources */,
				E70CFEF3212FEE53004A6155 /* LGLoginViewController.m in Sources */,
				E73B4FCD2106D33E00B6243B /* EvtEditEventCycleCell.m in Sources */,
			);
			runOnlyForDeploymentPostprocessing = 0;
		};
/* End PBXSourcesBuildPhase section */

/* Begin PBXVariantGroup section */
		E76B116321002AF70067E577 /* LaunchScreen.storyboard */ = {
			isa = PBXVariantGroup;
			children = (
				E76B116421002AF70067E577 /* Base */,
			);
			name = LaunchScreen.storyboard;
			sourceTree = "<group>";
		};
/* End PBXVariantGroup section */

/* Begin XCBuildConfiguration section */
		E76B116921002AF70067E577 /* Debug */ = {
			isa = XCBuildConfiguration;
			buildSettings = {
				ALWAYS_SEARCH_USER_PATHS = NO;
				CLANG_ANALYZER_NONNULL = YES;
				CLANG_ANALYZER_NUMBER_OBJECT_CONVERSION = YES_AGGRESSIVE;
				CLANG_CXX_LANGUAGE_STANDARD = "gnu++14";
				CLANG_CXX_LIBRARY = "libc++";
				CLANG_ENABLE_MODULES = YES;
				CLANG_ENABLE_OBJC_ARC = YES;
				CLANG_ENABLE_OBJC_WEAK = YES;
				CLANG_WARN_BLOCK_CAPTURE_AUTORELEASING = YES;
				CLANG_WARN_BOOL_CONVERSION = YES;
				CLANG_WARN_COMMA = YES;
				CLANG_WARN_CONSTANT_CONVERSION = YES;
				CLANG_WARN_DEPRECATED_OBJC_IMPLEMENTATIONS = YES;
				CLANG_WARN_DIRECT_OBJC_ISA_USAGE = YES_ERROR;
				CLANG_WARN_DOCUMENTATION_COMMENTS = YES;
				CLANG_WARN_EMPTY_BODY = YES;
				CLANG_WARN_ENUM_CONVERSION = YES;
				CLANG_WARN_INFINITE_RECURSION = YES;
				CLANG_WARN_INT_CONVERSION = YES;
				CLANG_WARN_NON_LITERAL_NULL_CONVERSION = YES;
				CLANG_WARN_OBJC_IMPLICIT_RETAIN_SELF = YES;
				CLANG_WARN_OBJC_LITERAL_CONVERSION = YES;
				CLANG_WARN_OBJC_ROOT_CLASS = YES_ERROR;
				CLANG_WARN_RANGE_LOOP_ANALYSIS = YES;
				CLANG_WARN_STRICT_PROTOTYPES = YES;
				CLANG_WARN_SUSPICIOUS_MOVE = YES;
				CLANG_WARN_UNGUARDED_AVAILABILITY = YES_AGGRESSIVE;
				CLANG_WARN_UNREACHABLE_CODE = YES;
				CLANG_WARN__DUPLICATE_METHOD_MATCH = YES;
				CODE_SIGN_IDENTITY = "iPhone Developer";
				COPY_PHASE_STRIP = NO;
				DEBUG_INFORMATION_FORMAT = dwarf;
				ENABLE_STRICT_OBJC_MSGSEND = YES;
				ENABLE_TESTABILITY = YES;
				GCC_C_LANGUAGE_STANDARD = gnu11;
				GCC_DYNAMIC_NO_PIC = NO;
				GCC_NO_COMMON_BLOCKS = YES;
				GCC_OPTIMIZATION_LEVEL = 0;
				GCC_PREPROCESSOR_DEFINITIONS = (
					"DEBUG=1",
					"$(inherited)",
				);
				GCC_WARN_64_TO_32_BIT_CONVERSION = YES;
				GCC_WARN_ABOUT_RETURN_TYPE = YES_ERROR;
				GCC_WARN_UNDECLARED_SELECTOR = YES;
				GCC_WARN_UNINITIALIZED_AUTOS = YES_AGGRESSIVE;
				GCC_WARN_UNUSED_FUNCTION = YES;
				GCC_WARN_UNUSED_VARIABLE = YES;
				IPHONEOS_DEPLOYMENT_TARGET = 11.4;
				MTL_ENABLE_DEBUG_INFO = YES;
				ONLY_ACTIVE_ARCH = YES;
				SDKROOT = iphoneos;
			};
			name = Debug;
		};
		E76B116A21002AF70067E577 /* Release */ = {
			isa = XCBuildConfiguration;
			buildSettings = {
				ALWAYS_SEARCH_USER_PATHS = NO;
				CLANG_ANALYZER_NONNULL = YES;
				CLANG_ANALYZER_NUMBER_OBJECT_CONVERSION = YES_AGGRESSIVE;
				CLANG_CXX_LANGUAGE_STANDARD = "gnu++14";
				CLANG_CXX_LIBRARY = "libc++";
				CLANG_ENABLE_MODULES = YES;
				CLANG_ENABLE_OBJC_ARC = YES;
				CLANG_ENABLE_OBJC_WEAK = YES;
				CLANG_WARN_BLOCK_CAPTURE_AUTORELEASING = YES;
				CLANG_WARN_BOOL_CONVERSION = YES;
				CLANG_WARN_COMMA = YES;
				CLANG_WARN_CONSTANT_CONVERSION = YES;
				CLANG_WARN_DEPRECATED_OBJC_IMPLEMENTATIONS = YES;
				CLANG_WARN_DIRECT_OBJC_ISA_USAGE = YES_ERROR;
				CLANG_WARN_DOCUMENTATION_COMMENTS = YES;
				CLANG_WARN_EMPTY_BODY = YES;
				CLANG_WARN_ENUM_CONVERSION = YES;
				CLANG_WARN_INFINITE_RECURSION = YES;
				CLANG_WARN_INT_CONVERSION = YES;
				CLANG_WARN_NON_LITERAL_NULL_CONVERSION = YES;
				CLANG_WARN_OBJC_IMPLICIT_RETAIN_SELF = YES;
				CLANG_WARN_OBJC_LITERAL_CONVERSION = YES;
				CLANG_WARN_OBJC_ROOT_CLASS = YES_ERROR;
				CLANG_WARN_RANGE_LOOP_ANALYSIS = YES;
				CLANG_WARN_STRICT_PROTOTYPES = YES;
				CLANG_WARN_SUSPICIOUS_MOVE = YES;
				CLANG_WARN_UNGUARDED_AVAILABILITY = YES_AGGRESSIVE;
				CLANG_WARN_UNREACHABLE_CODE = YES;
				CLANG_WARN__DUPLICATE_METHOD_MATCH = YES;
				CODE_SIGN_IDENTITY = "iPhone Developer";
				COPY_PHASE_STRIP = NO;
				DEBUG_INFORMATION_FORMAT = "dwarf-with-dsym";
				ENABLE_NS_ASSERTIONS = NO;
				ENABLE_STRICT_OBJC_MSGSEND = YES;
				GCC_C_LANGUAGE_STANDARD = gnu11;
				GCC_NO_COMMON_BLOCKS = YES;
				GCC_WARN_64_TO_32_BIT_CONVERSION = YES;
				GCC_WARN_ABOUT_RETURN_TYPE = YES_ERROR;
				GCC_WARN_UNDECLARED_SELECTOR = YES;
				GCC_WARN_UNINITIALIZED_AUTOS = YES_AGGRESSIVE;
				GCC_WARN_UNUSED_FUNCTION = YES;
				GCC_WARN_UNUSED_VARIABLE = YES;
				IPHONEOS_DEPLOYMENT_TARGET = 11.4;
				MTL_ENABLE_DEBUG_INFO = NO;
				SDKROOT = iphoneos;
				VALIDATE_PRODUCT = YES;
			};
			name = Release;
		};
		E76B116C21002AF70067E577 /* Debug */ = {
			isa = XCBuildConfiguration;
			baseConfigurationReference = 4E6791BB3CAAF94D5936C2C7 /* Pods-ZHRemember.debug.xcconfig */;
			buildSettings = {
				ASSETCATALOG_COMPILER_APPICON_NAME = AppIcon;
				CODE_SIGN_STYLE = Automatic;
				DEVELOPMENT_TEAM = F3X6AR78KA;
				GCC_PREFIX_HEADER = "$(SRCROOT)/ZHRemember/SupportingFiles/PrefixHeader.pch";
				INFOPLIST_FILE = "$(SRCROOT)/ZHRemember/SupportingFiles/Info.plist";
				IPHONEOS_DEPLOYMENT_TARGET = 9.0;
				LD_RUNPATH_SEARCH_PATHS = (
					"$(inherited)",
					"@executable_path/Frameworks",
				);
				PRODUCT_BUNDLE_IDENTIFIER = com.xzh.ZHRemember;
				PRODUCT_NAME = "$(TARGET_NAME)";
				TARGETED_DEVICE_FAMILY = "1,2";
			};
			name = Debug;
		};
		E76B116D21002AF70067E577 /* Release */ = {
			isa = XCBuildConfiguration;
			baseConfigurationReference = 7DD1FA9A2CBA51B240BEE8EC /* Pods-ZHRemember.release.xcconfig */;
			buildSettings = {
				ASSETCATALOG_COMPILER_APPICON_NAME = AppIcon;
				CODE_SIGN_STYLE = Automatic;
				DEVELOPMENT_TEAM = F3X6AR78KA;
				GCC_PREFIX_HEADER = "$(SRCROOT)/ZHRemember/SupportingFiles/PrefixHeader.pch";
				INFOPLIST_FILE = "$(SRCROOT)/ZHRemember/SupportingFiles/Info.plist";
				IPHONEOS_DEPLOYMENT_TARGET = 9.0;
				LD_RUNPATH_SEARCH_PATHS = (
					"$(inherited)",
					"@executable_path/Frameworks",
				);
				PRODUCT_BUNDLE_IDENTIFIER = com.xzh.ZHRemember;
				PRODUCT_NAME = "$(TARGET_NAME)";
				TARGETED_DEVICE_FAMILY = "1,2";
			};
			name = Release;
		};
/* End XCBuildConfiguration section */

/* Begin XCConfigurationList section */
		E76B115021002AF60067E577 /* Build configuration list for PBXProject "ZHRemember" */ = {
			isa = XCConfigurationList;
			buildConfigurations = (
				E76B116921002AF70067E577 /* Debug */,
				E76B116A21002AF70067E577 /* Release */,
			);
			defaultConfigurationIsVisible = 0;
			defaultConfigurationName = Release;
		};
		E76B116B21002AF70067E577 /* Build configuration list for PBXNativeTarget "ZHRemember" */ = {
			isa = XCConfigurationList;
			buildConfigurations = (
				E76B116C21002AF70067E577 /* Debug */,
				E76B116D21002AF70067E577 /* Release */,
			);
			defaultConfigurationIsVisible = 0;
			defaultConfigurationName = Release;
		};
/* End XCConfigurationList section */
	};
	rootObject = E76B114D21002AF60067E577 /* Project object */;
}
